
Microsoft Visual Studio Solution File, Format Version 12.00
# Visual Studio 15
VisualStudioVersion = 15.0.27703.2035
MinimumVisualStudioVersion = 10.0.40219.1
Project("{8BC9CEB8-8B4A-11D0-8D11-00A0C91BC942}") = "堆", "堆.vcxproj", "{335A98C2-56E9-41D5-A505-B9DEB5A99DEA}"
EndProject
Global
	GlobalSection(SolutionConfigurationPlatforms) = preSolution
		Debug|x64 = Debug|x64
		Debug|x86 = Debug|x86
		Release|x64 = Release|x64
		Release|x86 = Release|x86
	EndGlobalSection
	GlobalSection(ProjectConfigurationPlatforms) = postSolution
		{335A98C2-56E9-41D5-A505-B9DEB5A99DEA}.Debug|x64.ActiveCfg = Debug|x64
		{335A98C2-56E9-41D5-A505-B9DEB5A99DEA}.Debug|x64.Build.0 = Debug|x64
		{335A98C2-56E9-41D5-A505-B9DEB5A99DEA}.Debug|x86.ActiveCfg = Debug|Win32
		{335A98C2-56E9-41D5-A505-B9DEB5A99DEA}.Debug|x86.Build.0 = Debug|Win32
		{335A98C2-56E9-41D5-A505-B9DEB5A99DEA}.Release|x64.ActiveCfg = Release|x64
		{335A98C2-56E9-41D5-A505-B9DEB5A99DEA}.Release|x64.Build.0 = Release|x64
		{335A98C2-56E9-41D5-A505-B9DEB5A99DEA}.Release|x86.ActiveCfg = Release|Win32
		{335A98C2-56E9-41D5-A505-B9DEB5A99DEA}.Release|x86.Build.0 = Release|Win32
	EndGlobalSection
	GlobalSection(SolutionProperties) = preSolution
		HideSolutionNode = FALSE
	EndGlobalSection
	GlobalSection(ExtensibilityGlobals) = postSolution
		SolutionGuid = {A39D4A1A-9238-40B0-B026-D160D06297E7}
	EndGlobalSection
EndGlobal
